// !$*UTF8*$!
{
	archiveVersion = 1;
	classes = {
	};
	objectVersion = 50;
	objects = {

/* Begin PBXBuildFile section */
		69109963216A8D9C00EEB30B /* sparParts.swift in Sources */ = {isa = PBXBuildFile; fileRef = 69109962216A8D9C00EEB30B /* sparParts.swift */; };
		69109965216A926100EEB30B /* API+prodacts.swift in Sources */ = {isa = PBXBuildFile; fileRef = 69109964216A926100EEB30B /* API+prodacts.swift */; };
		6927FD69216D140700E24B07 /* sparePartsCat.swift in Sources */ = {isa = PBXBuildFile; fileRef = 6927FD68216D140600E24B07 /* sparePartsCat.swift */; };
		6927FD6B216D168100E24B07 /* sparPartsCatCellCollectionViewCell.swift in Sources */ = {isa = PBXBuildFile; fileRef = 6927FD6A216D168100E24B07 /* sparPartsCatCellCollectionViewCell.swift */; };
		6953343621636A62009E1227 /* AppDelegate.swift in Sources */ = {isa = PBXBuildFile; fileRef = 6953343521636A62009E1227 /* AppDelegate.swift */; };
		6953343B21636A62009E1227 /* Main.storyboard in Resources */ = {isa = PBXBuildFile; fileRef = 6953343921636A62009E1227 /* Main.storyboard */; };
		6953343D21636A6F009E1227 /* Assets.xcassets in Resources */ = {isa = PBXBuildFile; fileRef = 6953343C21636A6F009E1227 /* Assets.xcassets */; };
		6953344021636A6F009E1227 /* LaunchScreen.storyboard in Resources */ = {isa = PBXBuildFile; fileRef = 6953343E21636A6F009E1227 /* LaunchScreen.storyboard */; };
		69533449216372C0009E1227 /* langVC.swift in Sources */ = {isa = PBXBuildFile; fileRef = 69533448216372C0009E1227 /* langVC.swift */; };
		6953344C2163743A009E1227 /* roundedButton.swift in Sources */ = {isa = PBXBuildFile; fileRef = 6953344B2163743A009E1227 /* roundedButton.swift */; };
		6953344E21638A0A009E1227 /* palceHolderColor.swift in Sources */ = {isa = PBXBuildFile; fileRef = 6953344D21638A0A009E1227 /* palceHolderColor.swift */; };
		6953345021638EC5009E1227 /* loginVC.swift in Sources */ = {isa = PBXBuildFile; fileRef = 6953344F21638EC5009E1227 /* loginVC.swift */; };
		69533452216392A9009E1227 /* signupVC.swift in Sources */ = {isa = PBXBuildFile; fileRef = 69533451216392A9009E1227 /* signupVC.swift */; };
		6987779A2164DBA10014EACF /* pullCarVC2.swift in Sources */ = {isa = PBXBuildFile; fileRef = 698777992164DBA00014EACF /* pullCarVC2.swift */; };
		6987779D2164EEA50014EACF /* carMaintVC.swift in Sources */ = {isa = PBXBuildFile; fileRef = 6987779C2164EEA40014EACF /* carMaintVC.swift */; };
		6987779F2164F5190014EACF /* carMaintVC2.swift in Sources */ = {isa = PBXBuildFile; fileRef = 6987779E2164F5180014EACF /* carMaintVC2.swift */; };
		698777A12164F7CD0014EACF /* carWishingVC.swift in Sources */ = {isa = PBXBuildFile; fileRef = 698777A02164F7CD0014EACF /* carWishingVC.swift */; };
		698777A32164F8300014EACF /* carWishingVC2.swift in Sources */ = {isa = PBXBuildFile; fileRef = 698777A22164F8300014EACF /* carWishingVC2.swift */; };
		698777A72164F9BD0014EACF /* sparePartsVC.swift in Sources */ = {isa = PBXBuildFile; fileRef = 698777A62164F9BD0014EACF /* sparePartsVC.swift */; };
		698777A92164FA340014EACF /* sparePartsVC2.swift in Sources */ = {isa = PBXBuildFile; fileRef = 698777A82164FA340014EACF /* sparePartsVC2.swift */; };
		69ABD0A12163A94B0041AE0A /* profileVC.swift in Sources */ = {isa = PBXBuildFile; fileRef = 69ABD0A02163A94A0041AE0A /* profileVC.swift */; };
		69ABD0A32163AB6F0041AE0A /* homeVC.swift in Sources */ = {isa = PBXBuildFile; fileRef = 69ABD0A22163AB6E0041AE0A /* homeVC.swift */; };
		69D5E7842163B5FC00839584 /* cartVC.swift in Sources */ = {isa = PBXBuildFile; fileRef = 69D5E7832163B5FB00839584 /* cartVC.swift */; };
		69D5E7862163B6AE00839584 /* settingsVC.swift in Sources */ = {isa = PBXBuildFile; fileRef = 69D5E7852163B6AE00839584 /* settingsVC.swift */; };
		69D5E7892163DA2700839584 /* pullcarVc.swift in Sources */ = {isa = PBXBuildFile; fileRef = 69D5E7882163DA2700839584 /* pullcarVc.swift */; };
		69D8F917216B5E0D00A70D63 /* sparPartsCell.swift in Sources */ = {isa = PBXBuildFile; fileRef = 69D8F916216B5E0D00A70D63 /* sparPartsCell.swift */; };
		69DF257E216A37480031CA29 /* showAlert.swift in Sources */ = {isa = PBXBuildFile; fileRef = 69DF257D216A37470031CA29 /* showAlert.swift */; };
		69DF2580216A476B0031CA29 /* API+Login.swift in Sources */ = {isa = PBXBuildFile; fileRef = 69DF257F216A476A0031CA29 /* API+Login.swift */; };
		69DF2582216A4B1A0031CA29 /* Strings.swift in Sources */ = {isa = PBXBuildFile; fileRef = 69DF2581216A4B1A0031CA29 /* Strings.swift */; };
		69DF2584216A549F0031CA29 /* Cofig.swift in Sources */ = {isa = PBXBuildFile; fileRef = 69DF2583216A549F0031CA29 /* Cofig.swift */; };
		69DF2586216A5A6C0031CA29 /* helper.swift in Sources */ = {isa = PBXBuildFile; fileRef = 69DF2585216A5A6C0031CA29 /* helper.swift */; };
		9413E7F0BDCBED6B99EA0602 /* Pods_Fixsira.framework in Frameworks */ = {isa = PBXBuildFile; fileRef = 266A0FA68DD71C6C362273F9 /* Pods_Fixsira.framework */; };
/* End PBXBuildFile section */

/* Begin PBXFileReference section */
		266A0FA68DD71C6C362273F9 /* Pods_Fixsira.framework */ = {isa = PBXFileReference; explicitFileType = wrapper.framework; includeInIndex = 0; path = Pods_Fixsira.framework; sourceTree = BUILT_PRODUCTS_DIR; };
		4ED9A996ABD140B742CBC50D /* Pods-Fixsira.release.xcconfig */ = {isa = PBXFileReference; includeInIndex = 1; lastKnownFileType = text.xcconfig; name = "Pods-Fixsira.release.xcconfig"; path = "Pods/Target Support Files/Pods-Fixsira/Pods-Fixsira.release.xcconfig"; sourceTree = "<group>"; };
		69109962216A8D9C00EEB30B /* sparParts.swift */ = {isa = PBXFileReference; lastKnownFileType = sourcecode.swift; path = sparParts.swift; sourceTree = "<group>"; };
		69109964216A926100EEB30B /* API+prodacts.swift */ = {isa = PBXFileReference; lastKnownFileType = sourcecode.swift; path = "API+prodacts.swift"; sourceTree = "<group>"; };
		6927FD68216D140600E24B07 /* sparePartsCat.swift */ = {isa = PBXFileReference; lastKnownFileType = sourcecode.swift; path = sparePartsCat.swift; sourceTree = "<group>"; };
		6927FD6A216D168100E24B07 /* sparPartsCatCellCollectionViewCell.swift */ = {isa = PBXFileReference; lastKnownFileType = sourcecode.swift; path = sparPartsCatCellCollectionViewCell.swift; sourceTree = "<group>"; };
		6953343221636A62009E1227 /* Fixsira.app */ = {isa = PBXFileReference; explicitFileType = wrapper.application; includeInIndex = 0; path = Fixsira.app; sourceTree = BUILT_PRODUCTS_DIR; };
		6953343521636A62009E1227 /* AppDelegate.swift */ = {isa = PBXFileReference; lastKnownFileType = sourcecode.swift; path = AppDelegate.swift; sourceTree = "<group>"; };
		6953343A21636A62009E1227 /* Base */ = {isa = PBXFileReference; lastKnownFileType = file.storyboard; name = Base; path = Base.lproj/Main.storyboard; sourceTree = "<group>"; };
		6953343C21636A6F009E1227 /* Assets.xcassets */ = {isa = PBXFileReference; lastKnownFileType = folder.assetcatalog; path = Assets.xcassets; sourceTree = "<group>"; };
		6953343F21636A6F009E1227 /* Base */ = {isa = PBXFileReference; lastKnownFileType = file.storyboard; name = Base; path = Base.lproj/LaunchScreen.storyboard; sourceTree = "<group>"; };
		6953344121636A6F009E1227 /* Info.plist */ = {isa = PBXFileReference; lastKnownFileType = text.plist.xml; path = Info.plist; sourceTree = "<group>"; };
		69533448216372C0009E1227 /* langVC.swift */ = {isa = PBXFileReference; lastKnownFileType = sourcecode.swift; path = langVC.swift; sourceTree = "<group>"; };
		6953344B2163743A009E1227 /* roundedButton.swift */ = {isa = PBXFileReference; lastKnownFileType = sourcecode.swift; path = roundedButton.swift; sourceTree = "<group>"; };
		6953344D21638A0A009E1227 /* palceHolderColor.swift */ = {isa = PBXFileReference; lastKnownFileType = sourcecode.swift; path = palceHolderColor.swift; sourceTree = "<group>"; };
		6953344F21638EC5009E1227 /* loginVC.swift */ = {isa = PBXFileReference; lastKnownFileType = sourcecode.swift; path = loginVC.swift; sourceTree = "<group>"; };
		69533451216392A9009E1227 /* signupVC.swift */ = {isa = PBXFileReference; lastKnownFileType = sourcecode.swift; path = signupVC.swift; sourceTree = "<group>"; };
		698777992164DBA00014EACF /* pullCarVC2.swift */ = {isa = PBXFileReference; lastKnownFileType = sourcecode.swift; path = pullCarVC2.swift; sourceTree = "<group>"; };
		6987779C2164EEA40014EACF /* carMaintVC.swift */ = {isa = PBXFileReference; lastKnownFileType = sourcecode.swift; path = carMaintVC.swift; sourceTree = "<group>"; };
		6987779E2164F5180014EACF /* carMaintVC2.swift */ = {isa = PBXFileReference; lastKnownFileType = sourcecode.swift; path = carMaintVC2.swift; sourceTree = "<group>"; };
		698777A02164F7CD0014EACF /* carWishingVC.swift */ = {isa = PBXFileReference; lastKnownFileType = sourcecode.swift; path = carWishingVC.swift; sourceTree = "<group>"; };
		698777A22164F8300014EACF /* carWishingVC2.swift */ = {isa = PBXFileReference; lastKnownFileType = sourcecode.swift; path = carWishingVC2.swift; sourceTree = "<group>"; };
		698777A62164F9BD0014EACF /* sparePartsVC.swift */ = {isa = PBXFileReference; lastKnownFileType = sourcecode.swift; path = sparePartsVC.swift; sourceTree = "<group>"; };
		698777A82164FA340014EACF /* sparePartsVC2.swift */ = {isa = PBXFileReference; lastKnownFileType = sourcecode.swift; path = sparePartsVC2.swift; sourceTree = "<group>"; };
		69ABD0A02163A94A0041AE0A /* profileVC.swift */ = {isa = PBXFileReference; lastKnownFileType = sourcecode.swift; path = profileVC.swift; sourceTree = "<group>"; };
		69ABD0A22163AB6E0041AE0A /* homeVC.swift */ = {isa = PBXFileReference; lastKnownFileType = sourcecode.swift; path = homeVC.swift; sourceTree = "<group>"; };
		69D5E7832163B5FB00839584 /* cartVC.swift */ = {isa = PBXFileReference; lastKnownFileType = sourcecode.swift; path = cartVC.swift; sourceTree = "<group>"; };
		69D5E7852163B6AE00839584 /* settingsVC.swift */ = {isa = PBXFileReference; lastKnownFileType = sourcecode.swift; path = settingsVC.swift; sourceTree = "<group>"; };
		69D5E7882163DA2700839584 /* pullcarVc.swift */ = {isa = PBXFileReference; lastKnownFileType = sourcecode.swift; path = pullcarVc.swift; sourceTree = "<group>"; };
		69D8F916216B5E0D00A70D63 /* sparPartsCell.swift */ = {isa = PBXFileReference; lastKnownFileType = sourcecode.swift; path = sparPartsCell.swift; sourceTree = "<group>"; };
		69DF257D216A37470031CA29 /* showAlert.swift */ = {isa = PBXFileReference; lastKnownFileType = sourcecode.swift; path = showAlert.swift; sourceTree = "<group>"; };
		69DF257F216A476A0031CA29 /* API+Login.swift */ = {isa = PBXFileReference; lastKnownFileType = sourcecode.swift; path = "API+Login.swift"; sourceTree = "<group>"; };
		69DF2581216A4B1A0031CA29 /* Strings.swift */ = {isa = PBXFileReference; lastKnownFileType = sourcecode.swift; path = Strings.swift; sourceTree = "<group>"; };
		69DF2583216A549F0031CA29 /* Cofig.swift */ = {isa = PBXFileReference; lastKnownFileType = sourcecode.swift; path = Cofig.swift; sourceTree = "<group>"; };
		69DF2585216A5A6C0031CA29 /* helper.swift */ = {isa = PBXFileReference; lastKnownFileType = sourcecode.swift; path = helper.swift; sourceTree = "<group>"; };
		CEB8F2AA81A46B6712F86A5F /* Pods-Fixsira.debug.xcconfig */ = {isa = PBXFileReference; includeInIndex = 1; lastKnownFileType = text.xcconfig; name = "Pods-Fixsira.debug.xcconfig"; path = "Pods/Target Support Files/Pods-Fixsira/Pods-Fixsira.debug.xcconfig"; sourceTree = "<group>"; };
/* End PBXFileReference section */

/* Begin PBXFrameworksBuildPhase section */
		6953342F21636A62009E1227 /* Frameworks */ = {
			isa = PBXFrameworksBuildPhase;
			buildActionMask = 2147483647;
			files = (
				9413E7F0BDCBED6B99EA0602 /* Pods_Fixsira.framework in Frameworks */,
			);
			runOnlyForDeploymentPostprocessing = 0;
		};
/* End PBXFrameworksBuildPhase section */

/* Begin PBXGroup section */
		6953342921636A62009E1227 = {
			isa = PBXGroup;
			children = (
				6953343421636A62009E1227 /* Fixsira */,
				6953343321636A62009E1227 /* Products */,
				8C360DF5772D6FFF55F77B2E /* Pods */,
				CBBA290CA7589FB2E051D8E4 /* Frameworks */,
			);
			sourceTree = "<group>";
		};
		6953343321636A62009E1227 /* Products */ = {
			isa = PBXGroup;
			children = (
				6953343221636A62009E1227 /* Fixsira.app */,
			);
			name = Products;
			sourceTree = "<group>";
		};
		6953343421636A62009E1227 /* Fixsira */ = {
			isa = PBXGroup;
			children = (
				6953343521636A62009E1227 /* AppDelegate.swift */,
				6953343921636A62009E1227 /* Main.storyboard */,
				6953343E21636A6F009E1227 /* LaunchScreen.storyboard */,
				6953344121636A6F009E1227 /* Info.plist */,
				6953343C21636A6F009E1227 /* Assets.xcassets */,
				69DF257C216A36B10031CA29 /* Extension */,
				69E43985216A2FCE0054AD56 /* Model */,
				69E43984216A2F7F0054AD56 /* APIData */,
				69E43983216A2F590054AD56 /* URLS */,
				69E43982216A2F0A0054AD56 /* API */,
				6953344A21637404009E1227 /* View */,
				695334472163728C009E1227 /* Controller */,
			);
			path = Fixsira;
			sourceTree = "<group>";
		};
		695334472163728C009E1227 /* Controller */ = {
			isa = PBXGroup;
			children = (
				698777AD2164FA880014EACF /* Profile */,
				698777AC2164FA770014EACF /* Lang */,
				698777AB2164FA670014EACF /* Home */,
				6953345321639343009E1227 /* Auth */,
				698777AE2164FA9B0014EACF /* Cart */,
				698777AF2164FAA60014EACF /* Settings */,
			);
			path = Controller;
			sourceTree = "<group>";
		};
		6953344A21637404009E1227 /* View */ = {
			isa = PBXGroup;
			children = (
				6953344B2163743A009E1227 /* roundedButton.swift */,
				6953344D21638A0A009E1227 /* palceHolderColor.swift */,
			);
			path = View;
			sourceTree = "<group>";
		};
		6953345321639343009E1227 /* Auth */ = {
			isa = PBXGroup;
			children = (
				6953344F21638EC5009E1227 /* loginVC.swift */,
				69533451216392A9009E1227 /* signupVC.swift */,
			);
			path = Auth;
			sourceTree = "<group>";
		};
		6987779B2164EE710014EACF /* carMaint */ = {
			isa = PBXGroup;
			children = (
				6987779C2164EEA40014EACF /* carMaintVC.swift */,
				6987779E2164F5180014EACF /* carMaintVC2.swift */,
			);
			path = carMaint;
			sourceTree = "<group>";
		};
		698777A42164F8B70014EACF /* carWishing */ = {
			isa = PBXGroup;
			children = (
				698777A02164F7CD0014EACF /* carWishingVC.swift */,
				698777A22164F8300014EACF /* carWishingVC2.swift */,
			);
			name = carWishing;
			path = ..;
			sourceTree = "<group>";
		};
		698777A52164F97D0014EACF /* spareParts */ = {
			isa = PBXGroup;
			children = (
				698777A62164F9BD0014EACF /* sparePartsVC.swift */,
				698777A82164FA340014EACF /* sparePartsVC2.swift */,
				6927FD68216D140600E24B07 /* sparePartsCat.swift */,
			);
			path = spareParts;
			sourceTree = "<group>";
		};
		698777AB2164FA670014EACF /* Home */ = {
			isa = PBXGroup;
			children = (
				69ABD0A22163AB6E0041AE0A /* homeVC.swift */,
				698777A52164F97D0014EACF /* spareParts */,
				698777A42164F8B70014EACF /* carWishing */,
				6987779B2164EE710014EACF /* carMaint */,
				69D5E7872163D9FD00839584 /* pullCar */,
			);
			path = Home;
			sourceTree = "<group>";
		};
		698777AC2164FA770014EACF /* Lang */ = {
			isa = PBXGroup;
			children = (
				69533448216372C0009E1227 /* langVC.swift */,
			);
			path = Lang;
			sourceTree = "<group>";
		};
		698777AD2164FA880014EACF /* Profile */ = {
			isa = PBXGroup;
			children = (
				69ABD0A02163A94A0041AE0A /* profileVC.swift */,
			);
			path = Profile;
			sourceTree = "<group>";
		};
		698777AE2164FA9B0014EACF /* Cart */ = {
			isa = PBXGroup;
			children = (
				69D5E7832163B5FB00839584 /* cartVC.swift */,
			);
			path = Cart;
			sourceTree = "<group>";
		};
		698777AF2164FAA60014EACF /* Settings */ = {
			isa = PBXGroup;
			children = (
				69D5E7852163B6AE00839584 /* settingsVC.swift */,
			);
			path = Settings;
			sourceTree = "<group>";
		};
		69D5E7872163D9FD00839584 /* pullCar */ = {
			isa = PBXGroup;
			children = (
				69D5E7882163DA2700839584 /* pullcarVc.swift */,
				698777992164DBA00014EACF /* pullCarVC2.swift */,
			);
			path = pullCar;
			sourceTree = "<group>";
		};
		69DF257C216A36B10031CA29 /* Extension */ = {
			isa = PBXGroup;
			children = (
				69DF257D216A37470031CA29 /* showAlert.swift */,
				69DF2581216A4B1A0031CA29 /* Strings.swift */,
				69DF2585216A5A6C0031CA29 /* helper.swift */,
			);
			path = Extension;
			sourceTree = "<group>";
		};
		69E43982216A2F0A0054AD56 /* API */ = {
			isa = PBXGroup;
			children = (
				69DF257F216A476A0031CA29 /* API+Login.swift */,
				69109964216A926100EEB30B /* API+prodacts.swift */,
			);
			path = API;
			sourceTree = "<group>";
		};
		69E43983216A2F590054AD56 /* URLS */ = {
			isa = PBXGroup;
			children = (
				69DF2583216A549F0031CA29 /* Cofig.swift */,
			);
			path = URLS;
			sourceTree = "<group>";
		};
		69E43984216A2F7F0054AD56 /* APIData */ = {
			isa = PBXGroup;
			children = (
				69109962216A8D9C00EEB30B /* sparParts.swift */,
			);
			path = APIData;
			sourceTree = "<group>";
		};
		69E43985216A2FCE0054AD56 /* Model */ = {
			isa = PBXGroup;
			children = (
				69D8F916216B5E0D00A70D63 /* sparPartsCell.swift */,
				6927FD6A216D168100E24B07 /* sparPartsCatCellCollectionViewCell.swift */,
			);
			name = Model;
			sourceTree = "<group>";
		};
		8C360DF5772D6FFF55F77B2E /* Pods */ = {
			isa = PBXGroup;
			children = (
				CEB8F2AA81A46B6712F86A5F /* Pods-Fixsira.debug.xcconfig */,
				4ED9A996ABD140B742CBC50D /* Pods-Fixsira.release.xcconfig */,
			);
			name = Pods;
			sourceTree = "<group>";
		};
		CBBA290CA7589FB2E051D8E4 /* Frameworks */ = {
			isa = PBXGroup;
			children = (
				266A0FA68DD71C6C362273F9 /* Pods_Fixsira.framework */,
			);
			name = Frameworks;
			sourceTree = "<group>";
		};
/* End PBXGroup section */

/* Begin PBXNativeTarget section */
		6953343121636A62009E1227 /* Fixsira */ = {
			isa = PBXNativeTarget;
			buildConfigurationList = 6953344421636A6F009E1227 /* Build configuration list for PBXNativeTarget "Fixsira" */;
			buildPhases = (
				E6BE15CD24174B6B8B07364D /* [CP] Check Pods Manifest.lock */,
				6953342E21636A62009E1227 /* Sources */,
				6953342F21636A62009E1227 /* Frameworks */,
				6953343021636A62009E1227 /* Resources */,
				9EEF8F1BFF68616C6B0B7FFE /* [CP] Embed Pods Frameworks */,
			);
			buildRules = (
			);
			dependencies = (
			);
			name = Fixsira;
			productName = Fixsira;
			productReference = 6953343221636A62009E1227 /* Fixsira.app */;
			productType = "com.apple.product-type.application";
		};
/* End PBXNativeTarget section */

/* Begin PBXProject section */
		6953342A21636A62009E1227 /* Project object */ = {
			isa = PBXProject;
			attributes = {
				LastSwiftUpdateCheck = 1000;
				LastUpgradeCheck = 1000;
				ORGANIZATIONNAME = "E-Bakers";
				TargetAttributes = {
					6953343121636A62009E1227 = {
						CreatedOnToolsVersion = 10.0;
					};
				};
			};
			buildConfigurationList = 6953342D21636A62009E1227 /* Build configuration list for PBXProject "Fixsira" */;
			compatibilityVersion = "Xcode 9.3";
			developmentRegion = en;
			hasScannedForEncodings = 0;
			knownRegions = (
				en,
				Base,
			);
			mainGroup = 6953342921636A62009E1227;
			productRefGroup = 6953343321636A62009E1227 /* Products */;
			projectDirPath = "";
			projectRoot = "";
			targets = (
				6953343121636A62009E1227 /* Fixsira */,
			);
		};
/* End PBXProject section */

/* Begin PBXResourcesBuildPhase section */
		6953343021636A62009E1227 /* Resources */ = {
			isa = PBXResourcesBuildPhase;
			buildActionMask = 2147483647;
			files = (
				6953344021636A6F009E1227 /* LaunchScreen.storyboard in Resources */,
				6953343D21636A6F009E1227 /* Assets.xcassets in Resources */,
				6953343B21636A62009E1227 /* Main.storyboard in Resources */,
			);
			runOnlyForDeploymentPostprocessing = 0;
		};
/* End PBXResourcesBuildPhase section */

/* Begin PBXShellScriptBuildPhase section */
		9EEF8F1BFF68616C6B0B7FFE /* [CP] Embed Pods Frameworks */ = {
			isa = PBXShellScriptBuildPhase;
			buildActionMask = 2147483647;
			files = (
			);
			inputPaths = (
				"${SRCROOT}/Pods/Target Support Files/Pods-Fixsira/Pods-Fixsira-frameworks.sh",
				"${BUILT_PRODUCTS_DIR}/Alamofire/Alamofire.framework",
				"${BUILT_PRODUCTS_DIR}/Kingfisher/Kingfisher.framework",
				"${BUILT_PRODUCTS_DIR}/SwiftyJSON/SwiftyJSON.framework",
			);
			name = "[CP] Embed Pods Frameworks";
			outputPaths = (
				"${TARGET_BUILD_DIR}/${FRAMEWORKS_FOLDER_PATH}/Alamofire.framework",
				"${TARGET_BUILD_DIR}/${FRAMEWORKS_FOLDER_PATH}/Kingfisher.framework",
				"${TARGET_BUILD_DIR}/${FRAMEWORKS_FOLDER_PATH}/SwiftyJSON.framework",
			);
			runOnlyForDeploymentPostprocessing = 0;
			shellPath = /bin/sh;
			shellScript = "\"${SRCROOT}/Pods/Target Support Files/Pods-Fixsira/Pods-Fixsira-frameworks.sh\"\n";
			showEnvVarsInLog = 0;
		};
		E6BE15CD24174B6B8B07364D /* [CP] Check Pods Manifest.lock */ = {
			isa = PBXShellScriptBuildPhase;
			buildActionMask = 2147483647;
			files = (
			);
			inputPaths = (
				"${PODS_PODFILE_DIR_PATH}/Podfile.lock",
				"${PODS_ROOT}/Manifest.lock",
			);
			name = "[CP] Check Pods Manifest.lock";
			outputPaths = (
				"$(DERIVED_FILE_DIR)/Pods-Fixsira-checkManifestLockResult.txt",
			);
			runOnlyForDeploymentPostprocessing = 0;
			shellPath = /bin/sh;
			shellScript = "diff \"${PODS_PODFILE_DIR_PATH}/Podfile.lock\" \"${PODS_ROOT}/Manifest.lock\" > /dev/null\nif [ $? != 0 ] ; then\n    # print error to STDERR\n    echo \"error: The sandbox is not in sync with the Podfile.lock. Run 'pod install' or update your CocoaPods installation.\" >&2\n    exit 1\nfi\n# This output is used by Xcode 'outputs' to avoid re-running this script phase.\necho \"SUCCESS\" > \"${SCRIPT_OUTPUT_FILE_0}\"\n";
			showEnvVarsInLog = 0;
		};
/* End PBXShellScriptBuildPhase section */

/* Begin PBXSourcesBuildPhase section */
		6953342E21636A62009E1227 /* Sources */ = {
			isa = PBXSourcesBuildPhase;
			buildActionMask = 2147483647;
			files = (
				698777A12164F7CD0014EACF /* carWishingVC.swift in Sources */,
				69D5E7842163B5FC00839584 /* cartVC.swift in Sources */,
				69D8F917216B5E0D00A70D63 /* sparPartsCell.swift in Sources */,
				69533449216372C0009E1227 /* langVC.swift in Sources */,
				69109963216A8D9C00EEB30B /* sparParts.swift in Sources */,
				69ABD0A32163AB6F0041AE0A /* homeVC.swift in Sources */,
				6927FD6B216D168100E24B07 /* sparPartsCatCellCollectionViewCell.swift in Sources */,
				69DF2580216A476B0031CA29 /* API+Login.swift in Sources */,
				6953345021638EC5009E1227 /* loginVC.swift in Sources */,
				6987779D2164EEA50014EACF /* carMaintVC.swift in Sources */,
				6927FD69216D140700E24B07 /* sparePartsCat.swift in Sources */,
				69533452216392A9009E1227 /* signupVC.swift in Sources */,
				6987779A2164DBA10014EACF /* pullCarVC2.swift in Sources */,
				698777A32164F8300014EACF /* carWishingVC2.swift in Sources */,
				69ABD0A12163A94B0041AE0A /* profileVC.swift in Sources */,
				6953343621636A62009E1227 /* AppDelegate.swift in Sources */,
				69DF257E216A37480031CA29 /* showAlert.swift in Sources */,
				69DF2582216A4B1A0031CA29 /* Strings.swift in Sources */,
				6953344C2163743A009E1227 /* roundedButton.swift in Sources */,
				698777A92164FA340014EACF /* sparePartsVC2.swift in Sources */,
				69DF2586216A5A6C0031CA29 /* helper.swift in Sources */,
				69D5E7892163DA2700839584 /* pullcarVc.swift in Sources */,
				6953344E21638A0A009E1227 /* palceHolderColor.swift in Sources */,
				69109965216A926100EEB30B /* API+prodacts.swift in Sources */,
				6987779F2164F5190014EACF /* carMaintVC2.swift in Sources */,
				69D5E7862163B6AE00839584 /* settingsVC.swift in Sources */,
				69DF2584216A549F0031CA29 /* Cofig.swift in Sources */,
				698777A72164F9BD0014EACF /* sparePartsVC.swift in Sources */,
			);
			runOnlyForDeploymentPostprocessing = 0;
		};
/* End PBXSourcesBuildPhase section */

/* Begin PBXVariantGroup section */
		6953343921636A62009E1227 /* Main.storyboard */ = {
			isa = PBXVariantGroup;
			children = (
				6953343A21636A62009E1227 /* Base */,
			);
			name = Main.storyboard;
			sourceTree = "<group>";
		};
		6953343E21636A6F009E1227 /* LaunchScreen.storyboard */ = {
			isa = PBXVariantGroup;
			children = (
				6953343F21636A6F009E1227 /* Base */,
			);
			name = LaunchScreen.storyboard;
			sourceTree = "<group>";
		};
/* End PBXVariantGroup section */

/* Begin XCBuildConfiguration section */
		6953344221636A6F009E1227 /* Debug */ = {
			isa = XCBuildConfiguration;
			buildSettings = {
				ALWAYS_SEARCH_USER_PATHS = NO;
				CLANG_ANALYZER_NONNULL = YES;
				CLANG_ANALYZER_NUMBER_OBJECT_CONVERSION = YES_AGGRESSIVE;
				CLANG_CXX_LANGUAGE_STANDARD = "gnu++14";
				CLANG_CXX_LIBRARY = "libc++";
				CLANG_ENABLE_MODULES = YES;
				CLANG_ENABLE_OBJC_ARC = YES;
				CLANG_ENABLE_OBJC_WEAK = YES;
				CLANG_WARN_BLOCK_CAPTURE_AUTORELEASING = YES;
				CLANG_WARN_BOOL_CONVERSION = YES;
				CLANG_WARN_COMMA = YES;
				CLANG_WARN_CONSTANT_CONVERSION = YES;
				CLANG_WARN_DEPRECATED_OBJC_IMPLEMENTATIONS = YES;
				CLANG_WARN_DIRECT_OBJC_ISA_USAGE = YES_ERROR;
				CLANG_WARN_DOCUMENTATION_COMMENTS = YES;
				CLANG_WARN_EMPTY_BODY = YES;
				CLANG_WARN_ENUM_CONVERSION = YES;
				CLANG_WARN_INFINITE_RECURSION = YES;
				CLANG_WARN_INT_CONVERSION = YES;
				CLANG_WARN_NON_LITERAL_NULL_CONVERSION = YES;
				CLANG_WARN_OBJC_IMPLICIT_RETAIN_SELF = YES;
				CLANG_WARN_OBJC_LITERAL_CONVERSION = YES;
				CLANG_WARN_OBJC_ROOT_CLASS = YES_ERROR;
				CLANG_WARN_RANGE_LOOP_ANALYSIS = YES;
				CLANG_WARN_STRICT_PROTOTYPES = YES;
				CLANG_WARN_SUSPICIOUS_MOVE = YES;
				CLANG_WARN_UNGUARDED_AVAILABILITY = YES_AGGRESSIVE;
				CLANG_WARN_UNREACHABLE_CODE = YES;
				CLANG_WARN__DUPLICATE_METHOD_MATCH = YES;
				CODE_SIGN_IDENTITY = "iPhone Developer";
				COPY_PHASE_STRIP = NO;
				DEBUG_INFORMATION_FORMAT = dwarf;
				ENABLE_STRICT_OBJC_MSGSEND = YES;
				ENABLE_TESTABILITY = YES;
				GCC_C_LANGUAGE_STANDARD = gnu11;
				GCC_DYNAMIC_NO_PIC = NO;
				GCC_NO_COMMON_BLOCKS = YES;
				GCC_OPTIMIZATION_LEVEL = 0;
				GCC_PREPROCESSOR_DEFINITIONS = (
					"DEBUG=1",
					"$(inherited)",
				);
				GCC_WARN_64_TO_32_BIT_CONVERSION = YES;
				GCC_WARN_ABOUT_RETURN_TYPE = YES_ERROR;
				GCC_WARN_UNDECLARED_SELECTOR = YES;
				GCC_WARN_UNINITIALIZED_AUTOS = YES_AGGRESSIVE;
				GCC_WARN_UNUSED_FUNCTION = YES;
				GCC_WARN_UNUSED_VARIABLE = YES;
				IPHONEOS_DEPLOYMENT_TARGET = 12.0;
				MTL_ENABLE_DEBUG_INFO = INCLUDE_SOURCE;
				MTL_FAST_MATH = YES;
				ONLY_ACTIVE_ARCH = YES;
				SDKROOT = iphoneos;
				SWIFT_ACTIVE_COMPILATION_CONDITIONS = DEBUG;
				SWIFT_OPTIMIZATION_LEVEL = "-Onone";
			};
			name = Debug;
		};
		6953344321636A6F009E1227 /* Release */ = {
			isa = XCBuildConfiguration;
			buildSettings = {
				ALWAYS_SEARCH_USER_PATHS = NO;
				CLANG_ANALYZER_NONNULL = YES;
				CLANG_ANALYZER_NUMBER_OBJECT_CONVERSION = YES_AGGRESSIVE;
				CLANG_CXX_LANGUAGE_STANDARD = "gnu++14";
				CLANG_CXX_LIBRARY = "libc++";
				CLANG_ENABLE_MODULES = YES;
				CLANG_ENABLE_OBJC_ARC = YES;
				CLANG_ENABLE_OBJC_WEAK = YES;
				CLANG_WARN_BLOCK_CAPTURE_AUTORELEASING = YES;
				CLANG_WARN_BOOL_CONVERSION = YES;
				CLANG_WARN_COMMA = YES;
				CLANG_WARN_CONSTANT_CONVERSION = YES;
				CLANG_WARN_DEPRECATED_OBJC_IMPLEMENTATIONS = YES;
				CLANG_WARN_DIRECT_OBJC_ISA_USAGE = YES_ERROR;
				CLANG_WARN_DOCUMENTATION_COMMENTS = YES;
				CLANG_WARN_EMPTY_BODY = YES;
				CLANG_WARN_ENUM_CONVERSION = YES;
				CLANG_WARN_INFINITE_RECURSION = YES;
				CLANG_WARN_INT_CONVERSION = YES;
				CLANG_WARN_NON_LITERAL_NULL_CONVERSION = YES;
				CLANG_WARN_OBJC_IMPLICIT_RETAIN_SELF = YES;
				CLANG_WARN_OBJC_LITERAL_CONVERSION = YES;
				CLANG_WARN_OBJC_ROOT_CLASS = YES_ERROR;
				CLANG_WARN_RANGE_LOOP_ANALYSIS = YES;
				CLANG_WARN_STRICT_PROTOTYPES = YES;
				CLANG_WARN_SUSPICIOUS_MOVE = YES;
				CLANG_WARN_UNGUARDED_AVAILABILITY = YES_AGGRESSIVE;
				CLANG_WARN_UNREACHABLE_CODE = YES;
				CLANG_WARN__DUPLICATE_METHOD_MATCH = YES;
				CODE_SIGN_IDENTITY = "iPhone Developer";
				COPY_PHASE_STRIP = NO;
				DEBUG_INFORMATION_FORMAT = "dwarf-with-dsym";
				ENABLE_NS_ASSERTIONS = NO;
				ENABLE_STRICT_OBJC_MSGSEND = YES;
				GCC_C_LANGUAGE_STANDARD = gnu11;
				GCC_NO_COMMON_BLOCKS = YES;
				GCC_WARN_64_TO_32_BIT_CONVERSION = YES;
				GCC_WARN_ABOUT_RETURN_TYPE = YES_ERROR;
				GCC_WARN_UNDECLARED_SELECTOR = YES;
				GCC_WARN_UNINITIALIZED_AUTOS = YES_AGGRESSIVE;
				GCC_WARN_UNUSED_FUNCTION = YES;
				GCC_WARN_UNUSED_VARIABLE = YES;
				IPHONEOS_DEPLOYMENT_TARGET = 12.0;
				MTL_ENABLE_DEBUG_INFO = NO;
				MTL_FAST_MATH = YES;
				SDKROOT = iphoneos;
				SWIFT_COMPILATION_MODE = wholemodule;
				SWIFT_OPTIMIZATION_LEVEL = "-O";
				VALIDATE_PRODUCT = YES;
			};
			name = Release;
		};
		6953344521636A6F009E1227 /* Debug */ = {
			isa = XCBuildConfiguration;
			baseConfigurationReference = CEB8F2AA81A46B6712F86A5F /* Pods-Fixsira.debug.xcconfig */;
			buildSettings = {
				ASSETCATALOG_COMPILER_APPICON_NAME = AppIcon;
				CODE_SIGN_STYLE = Automatic;
				DEVELOPMENT_TEAM = 4Z34DQ34UQ;
				INFOPLIST_FILE = Fixsira/Info.plist;
				LD_RUNPATH_SEARCH_PATHS = (
					"$(inherited)",
					"@executable_path/Frameworks",
				);
				PRODUCT_BUNDLE_IDENTIFIER = com.farid.Mohar.Fixsira;
				PRODUCT_NAME = "$(TARGET_NAME)";
				SWIFT_VERSION = 4.2;
				TARGETED_DEVICE_FAMILY = "1,2";
			};
			name = Debug;
		};
		6953344621636A6F009E1227 /* Release */ = {
			isa = XCBuildConfiguration;
			baseConfigurationReference = 4ED9A996ABD140B742CBC50D /* Pods-Fixsira.release.xcconfig */;
			buildSettings = {
				ASSETCATALOG_COMPILER_APPICON_NAME = AppIcon;
				CODE_SIGN_STYLE = Automatic;
				DEVELOPMENT_TEAM = 4Z34DQ34UQ;
				INFOPLIST_FILE = Fixsira/Info.plist;
				LD_RUNPATH_SEARCH_PATHS = (
					"$(inherited)",
					"@executable_path/Frameworks",
				);
				PRODUCT_BUNDLE_IDENTIFIER = com.farid.Mohar.Fixsira;
				PRODUCT_NAME = "$(TARGET_NAME)";
				SWIFT_VERSION = 4.2;
				TARGETED_DEVICE_FAMILY = "1,2";
			};
			name = Release;
		};
/* End XCBuildConfiguration section */

/* Begin XCConfigurationList section */
		6953342D21636A62009E1227 /* Build configuration list for PBXProject "Fixsira" */ = {
			isa = XCConfigurationList;
			buildConfigurations = (
				6953344221636A6F009E1227 /* Debug */,
				6953344321636A6F009E1227 /* Release */,
			);
			defaultConfigurationIsVisible = 0;
			defaultConfigurationName = Release;
		};
		6953344421636A6F009E1227 /* Build configuration list for PBXNativeTarget "Fixsira" */ = {
			isa = XCConfigurationList;
			buildConfigurations = (
				6953344521636A6F009E1227 /* Debug */,
				6953344621636A6F009E1227 /* Release */,
			);
			defaultConfigurationIsVisible = 0;
			defaultConfigurationName = Release;
		};
/* End XCConfigurationList section */
	};
	rootObject = 6953342A21636A62009E1227 /* Project object */;
}
